// !$*UTF8*$!
{
	archiveVersion = 1;
	classes = {
	};
	objectVersion = 46;
	objects = {

/* Begin PBXBuildFile section */
		79A76B851B0CD81200FF7EF6 /* KissXML.h in Headers */ = {isa = PBXBuildFile; fileRef = 79A76B841B0CD81200FF7EF6 /* KissXML.h */; settings = {ATTRIBUTES = (Public, ); }; };
		79A76B991B0CD82400FF7EF6 /* DDXMLElementAdditions.m in Sources */ = {isa = PBXBuildFile; fileRef = 40E53F001729F71E001664EC /* DDXMLElementAdditions.m */; };
		79A76B9A1B0CD82400FF7EF6 /* NSString+DDXML.m in Sources */ = {isa = PBXBuildFile; fileRef = 40E53F031729F71E001664EC /* NSString+DDXML.m */; };
		79A76B9B1B0CD82400FF7EF6 /* DDXMLDocument.m in Sources */ = {isa = PBXBuildFile; fileRef = 40E53F061729F71E001664EC /* DDXMLDocument.m */; };
		79A76B9C1B0CD82400FF7EF6 /* DDXMLElement.m in Sources */ = {isa = PBXBuildFile; fileRef = 40E53F081729F71E001664EC /* DDXMLElement.m */; };
		79A76B9D1B0CD82400FF7EF6 /* DDXMLNode.m in Sources */ = {isa = PBXBuildFile; fileRef = 40E53F0A1729F71E001664EC /* DDXMLNode.m */; };
		79A76B9E1B0CD83800FF7EF6 /* DDXMLElementAdditions.h in Headers */ = {isa = PBXBuildFile; fileRef = 40E53EFF1729F71E001664EC /* DDXMLElementAdditions.h */; settings = {ATTRIBUTES = (Public, ); }; };
		79A76B9F1B0CD83800FF7EF6 /* NSString+DDXML.h in Headers */ = {isa = PBXBuildFile; fileRef = 40E53F021729F71E001664EC /* NSString+DDXML.h */; settings = {ATTRIBUTES = (Public, ); }; };
		79A76BA01B0CD83800FF7EF6 /* DDXML.h in Headers */ = {isa = PBXBuildFile; fileRef = 40E53F041729F71E001664EC /* DDXML.h */; settings = {ATTRIBUTES = (Public, ); }; };
		79A76BA11B0CD83800FF7EF6 /* DDXMLDocument.h in Headers */ = {isa = PBXBuildFile; fileRef = 40E53F051729F71E001664EC /* DDXMLDocument.h */; settings = {ATTRIBUTES = (Public, ); }; };
		79A76BA21B0CD83800FF7EF6 /* DDXMLElement.h in Headers */ = {isa = PBXBuildFile; fileRef = 40E53F071729F71E001664EC /* DDXMLElement.h */; settings = {ATTRIBUTES = (Public, ); }; };
		79A76BA31B0CD83800FF7EF6 /* DDXMLNode.h in Headers */ = {isa = PBXBuildFile; fileRef = 40E53F091729F71E001664EC /* DDXMLNode.h */; settings = {ATTRIBUTES = (Public, ); }; };
		79A76BA41B0CD85500FF7EF6 /* Foundation.framework in Frameworks */ = {isa = PBXBuildFile; fileRef = 40E53ED61729F68F001664EC /* Foundation.framework */; };
		79A76BAF1B0CD8C200FF7EF6 /* libxml2.dylib in Frameworks */ = {isa = PBXBuildFile; fileRef = 79A76BAE1B0CD8C200FF7EF6 /* libxml2.dylib */; };
		CFAF60F71C5FA0E90069290F /* DDXMLDocument+HTML.h in Headers */ = {isa = PBXBuildFile; fileRef = CFAF60F31C5FA0E90069290F /* DDXMLDocument+HTML.h */; settings = {ATTRIBUTES = (Public, ); }; };
		CFAF60F81C5FA0E90069290F /* DDXMLDocument+HTML.m in Sources */ = {isa = PBXBuildFile; fileRef = CFAF60F41C5FA0E90069290F /* DDXMLDocument+HTML.m */; };
		CFAF60FC1C5FA41F0069290F /* DDXML+HTML.h in Headers */ = {isa = PBXBuildFile; fileRef = CFAF60FB1C5FA41F0069290F /* DDXML+HTML.h */; };
/* End PBXBuildFile section */

/* Begin PBXFileReference section */
		40E53ED61729F68F001664EC /* Foundation.framework */ = {isa = PBXFileReference; lastKnownFileType = wrapper.framework; name = Foundation.framework; path = System/Library/Frameworks/Foundation.framework; sourceTree = SDKROOT; };
		40E53EE51729F68F001664EC /* SenTestingKit.framework */ = {isa = PBXFileReference; lastKnownFileType = wrapper.framework; name = SenTestingKit.framework; path = Library/Frameworks/SenTestingKit.framework; sourceTree = DEVELOPER_DIR; };
		40E53EE71729F68F001664EC /* UIKit.framework */ = {isa = PBXFileReference; lastKnownFileType = wrapper.framework; name = UIKit.framework; path = Library/Frameworks/UIKit.framework; sourceTree = DEVELOPER_DIR; };
		40E53EFF1729F71E001664EC /* DDXMLElementAdditions.h */ = {isa = PBXFileReference; fileEncoding = 4; lastKnownFileType = sourcecode.c.h; path = DDXMLElementAdditions.h; sourceTree = "<group>"; };
		40E53F001729F71E001664EC /* DDXMLElementAdditions.m */ = {isa = PBXFileReference; fileEncoding = 4; lastKnownFileType = sourcecode.c.objc; path = DDXMLElementAdditions.m; sourceTree = "<group>"; };
		40E53F021729F71E001664EC /* NSString+DDXML.h */ = {isa = PBXFileReference; fileEncoding = 4; lastKnownFileType = sourcecode.c.h; path = "NSString+DDXML.h"; sourceTree = "<group>"; };
		40E53F031729F71E001664EC /* NSString+DDXML.m */ = {isa = PBXFileReference; fileEncoding = 4; lastKnownFileType = sourcecode.c.objc; path = "NSString+DDXML.m"; sourceTree = "<group>"; };
		40E53F041729F71E001664EC /* DDXML.h */ = {isa = PBXFileReference; fileEncoding = 4; lastKnownFileType = sourcecode.c.h; path = DDXML.h; sourceTree = "<group>"; };
		40E53F051729F71E001664EC /* DDXMLDocument.h */ = {isa = PBXFileReference; fileEncoding = 4; lastKnownFileType = sourcecode.c.h; path = DDXMLDocument.h; sourceTree = "<group>"; };
		40E53F061729F71E001664EC /* DDXMLDocument.m */ = {isa = PBXFileReference; fileEncoding = 4; lastKnownFileType = sourcecode.c.objc; path = DDXMLDocument.m; sourceTree = "<group>"; };
		40E53F071729F71E001664EC /* DDXMLElement.h */ = {isa = PBXFileReference; fileEncoding = 4; lastKnownFileType = sourcecode.c.h; path = DDXMLElement.h; sourceTree = "<group>"; };
		40E53F081729F71E001664EC /* DDXMLElement.m */ = {isa = PBXFileReference; fileEncoding = 4; lastKnownFileType = sourcecode.c.objc; path = DDXMLElement.m; sourceTree = "<group>"; };
		40E53F091729F71E001664EC /* DDXMLNode.h */ = {isa = PBXFileReference; fileEncoding = 4; lastKnownFileType = sourcecode.c.h; path = DDXMLNode.h; sourceTree = "<group>"; };
		40E53F0A1729F71E001664EC /* DDXMLNode.m */ = {isa = PBXFileReference; fileEncoding = 4; lastKnownFileType = sourcecode.c.objc; path = DDXMLNode.m; sourceTree = "<group>"; };
		40E53F0C1729F71E001664EC /* DDXMLPrivate.h */ = {isa = PBXFileReference; fileEncoding = 4; lastKnownFileType = sourcecode.c.h; path = DDXMLPrivate.h; sourceTree = "<group>"; };
		79A76B801B0CD81200FF7EF6 /* KissXML.framework */ = {isa = PBXFileReference; explicitFileType = wrapper.framework; includeInIndex = 0; path = KissXML.framework; sourceTree = BUILT_PRODUCTS_DIR; };
		79A76B831B0CD81200FF7EF6 /* Info.plist */ = {isa = PBXFileReference; lastKnownFileType = text.plist.xml; path = Info.plist; sourceTree = "<group>"; };
		79A76B841B0CD81200FF7EF6 /* KissXML.h */ = {isa = PBXFileReference; lastKnownFileType = sourcecode.c.h; path = KissXML.h; sourceTree = "<group>"; };
		79A76BAE1B0CD8C200FF7EF6 /* libxml2.dylib */ = {isa = PBXFileReference; lastKnownFileType = "compiled.mach-o.dylib"; name = libxml2.dylib; path = usr/lib/libxml2.dylib; sourceTree = SDKROOT; };
		CFAF60F31C5FA0E90069290F /* DDXMLDocument+HTML.h */ = {isa = PBXFileReference; fileEncoding = 4; lastKnownFileType = sourcecode.c.h; path = "DDXMLDocument+HTML.h"; sourceTree = "<group>"; };
		CFAF60F41C5FA0E90069290F /* DDXMLDocument+HTML.m */ = {isa = PBXFileReference; fileEncoding = 4; lastKnownFileType = sourcecode.c.objc; path = "DDXMLDocument+HTML.m"; sourceTree = "<group>"; };
		CFAF60FB1C5FA41F0069290F /* DDXML+HTML.h */ = {isa = PBXFileReference; fileEncoding = 4; lastKnownFileType = sourcecode.c.h; path = "DDXML+HTML.h"; sourceTree = "<group>"; };
/* End PBXFileReference section */

/* Begin PBXFrameworksBuildPhase section */
		79A76B7C1B0CD81200FF7EF6 /* Frameworks */ = {
			isa = PBXFrameworksBuildPhase;
			buildActionMask = 2147483647;
			files = (
				79A76BAF1B0CD8C200FF7EF6 /* libxml2.dylib in Frameworks */,
				79A76BA41B0CD85500FF7EF6 /* Foundation.framework in Frameworks */,
			);
			runOnlyForDeploymentPostprocessing = 0;
		};
/* End PBXFrameworksBuildPhase section */

/* Begin PBXGroup section */
		40E53ECA1729F68F001664EC = {
			isa = PBXGroup;
			children = (
				40E53ED81729F68F001664EC /* KissXML */,
				40E53ED51729F68F001664EC /* Frameworks */,
				40E53ED41729F68F001664EC /* Products */,
			);
			sourceTree = "<group>";
		};
		40E53ED41729F68F001664EC /* Products */ = {
			isa = PBXGroup;
			children = (
				79A76B801B0CD81200FF7EF6 /* KissXML.framework */,
			);
			name = Products;
			sourceTree = "<group>";
		};
		40E53ED51729F68F001664EC /* Frameworks */ = {
			isa = PBXGroup;
			children = (
				79A76BAE1B0CD8C200FF7EF6 /* libxml2.dylib */,
				40E53ED61729F68F001664EC /* Foundation.framework */,
				40E53EE51729F68F001664EC /* SenTestingKit.framework */,
				40E53EE71729F68F001664EC /* UIKit.framework */,
			);
			name = Frameworks;
			sourceTree = "<group>";
		};
		40E53ED81729F68F001664EC /* KissXML */ = {
			isa = PBXGroup;
			children = (
				40E53EFE1729F71E001664EC /* Additions */,
				40E53F011729F71E001664EC /* Categories */,
				40E53F041729F71E001664EC /* DDXML.h */,
				40E53F051729F71E001664EC /* DDXMLDocument.h */,
				40E53F061729F71E001664EC /* DDXMLDocument.m */,
				40E53F071729F71E001664EC /* DDXMLElement.h */,
				40E53F081729F71E001664EC /* DDXMLElement.m */,
				40E53F091729F71E001664EC /* DDXMLNode.h */,
				40E53F0A1729F71E001664EC /* DDXMLNode.m */,
				79A76B841B0CD81200FF7EF6 /* KissXML.h */,
				40E53F0B1729F71E001664EC /* Private */,
				79A76B821B0CD81200FF7EF6 /* Supporting Files */,
			);
			path = KissXML;
			sourceTree = "<group>";
		};
		40E53EFE1729F71E001664EC /* Additions */ = {
			isa = PBXGroup;
			children = (
				40E53EFF1729F71E001664EC /* DDXMLElementAdditions.h */,
				40E53F001729F71E001664EC /* DDXMLElementAdditions.m */,
			);
			path = Additions;
			sourceTree = "<group>";
		};
		40E53F011729F71E001664EC /* Categories */ = {
			isa = PBXGroup;
			children = (
				CFAF60FB1C5FA41F0069290F /* DDXML+HTML.h */,
				CFAF60F31C5FA0E90069290F /* DDXMLDocument+HTML.h */,
				CFAF60F41C5FA0E90069290F /* DDXMLDocument+HTML.m */,
				40E53F021729F71E001664EC /* NSString+DDXML.h */,
				40E53F031729F71E001664EC /* NSString+DDXML.m */,
			);
			path = Categories;
			sourceTree = "<group>";
		};
		40E53F0B1729F71E001664EC /* Private */ = {
			isa = PBXGroup;
			children = (
				40E53F0C1729F71E001664EC /* DDXMLPrivate.h */,
			);
			path = Private;
			sourceTree = "<group>";
		};
		79A76B821B0CD81200FF7EF6 /* Supporting Files */ = {
			isa = PBXGroup;
			children = (
				79A76B831B0CD81200FF7EF6 /* Info.plist */,
			);
			name = "Supporting Files";
			sourceTree = "<group>";
		};
/* End PBXGroup section */

/* Begin PBXHeadersBuildPhase section */
		79A76B7D1B0CD81200FF7EF6 /* Headers */ = {
			isa = PBXHeadersBuildPhase;
			buildActionMask = 2147483647;
			files = (
				79A76B851B0CD81200FF7EF6 /* KissXML.h in Headers */,
				79A76B9E1B0CD83800FF7EF6 /* DDXMLElementAdditions.h in Headers */,
				79A76B9F1B0CD83800FF7EF6 /* NSString+DDXML.h in Headers */,
				79A76BA01B0CD83800FF7EF6 /* DDXML.h in Headers */,
				79A76BA11B0CD83800FF7EF6 /* DDXMLDocument.h in Headers */,
				CFAF60F71C5FA0E90069290F /* DDXMLDocument+HTML.h in Headers */,
				79A76BA21B0CD83800FF7EF6 /* DDXMLElement.h in Headers */,
				79A76BA31B0CD83800FF7EF6 /* DDXMLNode.h in Headers */,
				CFAF60FC1C5FA41F0069290F /* DDXML+HTML.h in Headers */,
			);
			runOnlyForDeploymentPostprocessing = 0;
		};
/* End PBXHeadersBuildPhase section */

/* Begin PBXNativeTarget section */
		79A76B7F1B0CD81200FF7EF6 /* KissXML */ = {
			isa = PBXNativeTarget;
			buildConfigurationList = 79A76B931B0CD81200FF7EF6 /* Build configuration list for PBXNativeTarget "KissXML" */;
			buildPhases = (
				79A76B7B1B0CD81200FF7EF6 /* Sources */,
				79A76B7C1B0CD81200FF7EF6 /* Frameworks */,
				79A76B7D1B0CD81200FF7EF6 /* Headers */,
				79A76B7E1B0CD81200FF7EF6 /* Resources */,
			);
			buildRules = (
			);
			dependencies = (
			);
			name = KissXML;
			productName = KissXML;
			productReference = 79A76B801B0CD81200FF7EF6 /* KissXML.framework */;
			productType = "com.apple.product-type.framework";
		};
/* End PBXNativeTarget section */

/* Begin PBXProject section */
		40E53ECB1729F68F001664EC /* Project object */ = {
			isa = PBXProject;
			attributes = {
				LastTestingUpgradeCheck = 0630;
				LastUpgradeCheck = 0900;
				ORGANIZATIONNAME = "Robbie Hanson with modifications from Tipbit, Inc.";
				TargetAttributes = {
					79A76B7F1B0CD81200FF7EF6 = {
						CreatedOnToolsVersion = 6.3.2;
					};
				};
			};
			buildConfigurationList = 40E53ECE1729F68F001664EC /* Build configuration list for PBXProject "KissXML" */;
			compatibilityVersion = "Xcode 3.2";
			developmentRegion = English;
			hasScannedForEncodings = 0;
			knownRegions = (
				en,
			);
			mainGroup = 40E53ECA1729F68F001664EC;
			productRefGroup = 40E53ED41729F68F001664EC /* Products */;
			projectDirPath = "";
			projectRoot = "";
			targets = (
				79A76B7F1B0CD81200FF7EF6 /* KissXML */,
			);
		};
/* End PBXProject section */

/* Begin PBXResourcesBuildPhase section */
		79A76B7E1B0CD81200FF7EF6 /* Resources */ = {
			isa = PBXResourcesBuildPhase;
			buildActionMask = 2147483647;
			files = (
			);
			runOnlyForDeploymentPostprocessing = 0;
		};
/* End PBXResourcesBuildPhase section */

/* Begin PBXSourcesBuildPhase section */
		79A76B7B1B0CD81200FF7EF6 /* Sources */ = {
			isa = PBXSourcesBuildPhase;
			buildActionMask = 2147483647;
			files = (
				79A76B991B0CD82400FF7EF6 /* DDXMLElementAdditions.m in Sources */,
				CFAF60F81C5FA0E90069290F /* DDXMLDocument+HTML.m in Sources */,
				79A76B9A1B0CD82400FF7EF6 /* NSString+DDXML.m in Sources */,
				79A76B9B1B0CD82400FF7EF6 /* DDXMLDocument.m in Sources */,
				79A76B9C1B0CD82400FF7EF6 /* DDXMLElement.m in Sources */,
				79A76B9D1B0CD82400FF7EF6 /* DDXMLNode.m in Sources */,
			);
			runOnlyForDeploymentPostprocessing = 0;
		};
/* End PBXSourcesBuildPhase section */

/* Begin XCBuildConfiguration section */
		40E53EF61729F68F001664EC /* Debug */ = {
			isa = XCBuildConfiguration;
			buildSettings = {
				ALWAYS_SEARCH_USER_PATHS = NO;
				CLANG_CXX_LANGUAGE_STANDARD = "gnu++0x";
				CLANG_CXX_LIBRARY = "libc++";
				CLANG_ENABLE_OBJC_ARC = YES;
				CLANG_WARN_BLOCK_CAPTURE_AUTORELEASING = YES;
				CLANG_WARN_BOOL_CONVERSION = YES;
				CLANG_WARN_COMMA = YES;
				CLANG_WARN_CONSTANT_CONVERSION = YES;
				CLANG_WARN_EMPTY_BODY = YES;
				CLANG_WARN_ENUM_CONVERSION = YES;
				CLANG_WARN_INFINITE_RECURSION = YES;
				CLANG_WARN_INT_CONVERSION = YES;
				CLANG_WARN_NON_LITERAL_NULL_CONVERSION = YES;
				CLANG_WARN_OBJC_LITERAL_CONVERSION = YES;
				CLANG_WARN_RANGE_LOOP_ANALYSIS = YES;
				CLANG_WARN_STRICT_PROTOTYPES = YES;
				CLANG_WARN_SUSPICIOUS_MOVE = YES;
				CLANG_WARN_UNREACHABLE_CODE = YES;
				CLANG_WARN__DUPLICATE_METHOD_MATCH = YES;
				COPY_PHASE_STRIP = NO;
				ENABLE_STRICT_OBJC_MSGSEND = YES;
				ENABLE_TESTABILITY = YES;
				GCC_C_LANGUAGE_STANDARD = gnu99;
				GCC_DYNAMIC_NO_PIC = NO;
				GCC_NO_COMMON_BLOCKS = YES;
				GCC_OPTIMIZATION_LEVEL = 0;
				GCC_PREPROCESSOR_DEFINITIONS = (
					"DEBUG=1",
					"$(inherited)",
				);
				GCC_SYMBOLS_PRIVATE_EXTERN = NO;
				GCC_WARN_64_TO_32_BIT_CONVERSION = YES;
				GCC_WARN_ABOUT_RETURN_TYPE = YES;
				GCC_WARN_UNDECLARED_SELECTOR = YES;
				GCC_WARN_UNINITIALIZED_AUTOS = YES;
				GCC_WARN_UNUSED_FUNCTION = YES;
				GCC_WARN_UNUSED_VARIABLE = YES;
				IPHONEOS_DEPLOYMENT_TARGET = 8.0;
				ONLY_ACTIVE_ARCH = YES;
				SDKROOT = iphoneos;
			};
			name = Debug;
		};
		40E53EF71729F68F001664EC /* Release */ = {
			isa = XCBuildConfiguration;
			buildSettings = {
				ALWAYS_SEARCH_USER_PATHS = NO;
				CLANG_CXX_LANGUAGE_STANDARD = "gnu++0x";
				CLANG_CXX_LIBRARY = "libc++";
				CLANG_ENABLE_OBJC_ARC = YES;
				CLANG_WARN_BLOCK_CAPTURE_AUTORELEASING = YES;
				CLANG_WARN_BOOL_CONVERSION = YES;
				CLANG_WARN_COMMA = YES;
				CLANG_WARN_CONSTANT_CONVERSION = YES;
				CLANG_WARN_EMPTY_BODY = YES;
				CLANG_WARN_ENUM_CONVERSION = YES;
				CLANG_WARN_INFINITE_RECURSION = YES;
				CLANG_WARN_INT_CONVERSION = YES;
				CLANG_WARN_NON_LITERAL_NULL_CONVERSION = YES;
				CLANG_WARN_OBJC_LITERAL_CONVERSION = YES;
				CLANG_WARN_RANGE_LOOP_ANALYSIS = YES;
				CLANG_WARN_STRICT_PROTOTYPES = YES;
				CLANG_WARN_SUSPICIOUS_MOVE = YES;
				CLANG_WARN_UNREACHABLE_CODE = YES;
				CLANG_WARN__DUPLICATE_METHOD_MATCH = YES;
				COPY_PHASE_STRIP = YES;
				ENABLE_STRICT_OBJC_MSGSEND = YES;
				GCC_C_LANGUAGE_STANDARD = gnu99;
				GCC_NO_COMMON_BLOCKS = YES;
				GCC_WARN_64_TO_32_BIT_CONVERSION = YES;
				GCC_WARN_ABOUT_RETURN_TYPE = YES;
				GCC_WARN_UNDECLARED_SELECTOR = YES;
				GCC_WARN_UNINITIALIZED_AUTOS = YES;
				GCC_WARN_UNUSED_FUNCTION = YES;
				GCC_WARN_UNUSED_VARIABLE = YES;
				IPHONEOS_DEPLOYMENT_TARGET = 8.0;
				SDKROOT = iphoneos;
				VALIDATE_PRODUCT = YES;
			};
			name = Release;
		};
		79A76B941B0CD81200FF7EF6 /* Debug */ = {
			isa = XCBuildConfiguration;
			buildSettings = {
				APPLICATION_EXTENSION_API_ONLY = YES;
				CLANG_ENABLE_MODULES = YES;
				CLANG_WARN_BOOL_CONVERSION = YES;
				CLANG_WARN_DIRECT_OBJC_ISA_USAGE = YES_ERROR;
				CLANG_WARN_OBJC_ROOT_CLASS = YES_ERROR;
				CLANG_WARN_UNREACHABLE_CODE = YES;
				"CODE_SIGN_IDENTITY[sdk=iphoneos*]" = "";
				CURRENT_PROJECT_VERSION = 1;
				DEBUG_INFORMATION_FORMAT = "dwarf-with-dsym";
				DEFINES_MODULE = NO;
				DYLIB_COMPATIBILITY_VERSION = 1;
				DYLIB_CURRENT_VERSION = 1;
				DYLIB_INSTALL_NAME_BASE = "@rpath";
				ENABLE_STRICT_OBJC_MSGSEND = YES;
				GCC_NO_COMMON_BLOCKS = YES;
				GCC_PREPROCESSOR_DEFINITIONS = (
					"DEBUG=1",
					"$(inherited)",
				);
				GCC_WARN_64_TO_32_BIT_CONVERSION = YES;
				GCC_WARN_ABOUT_RETURN_TYPE = YES_ERROR;
				GCC_WARN_UNDECLARED_SELECTOR = YES;
				GCC_WARN_UNINITIALIZED_AUTOS = YES_AGGRESSIVE;
				GCC_WARN_UNUSED_FUNCTION = YES;
				HEADER_SEARCH_PATHS = (
					"$(inherited)",
					/Applications/Xcode.app/Contents/Developer/Toolchains/XcodeDefault.xctoolchain/usr/include,
					/usr/include/libxml2,
				);
				INFOPLIST_FILE = KissXML/Info.plist;
				INSTALL_PATH = "$(LOCAL_LIBRARY_DIR)/Frameworks";
				IPHONEOS_DEPLOYMENT_TARGET = 8.3;
				LD_RUNPATH_SEARCH_PATHS = "$(inherited) @executable_path/Frameworks @loader_path/Frameworks";
				MTL_ENABLE_DEBUG_INFO = YES;
				PRODUCT_BUNDLE_IDENTIFIER = "com.soulmen.$(PRODUCT_NAME:rfc1034identifier)";
				PRODUCT_NAME = "$(TARGET_NAME)";
				SKIP_INSTALL = YES;
				TARGETED_DEVICE_FAMILY = "1,2";
				VERSIONING_SYSTEM = "apple-generic";
				VERSION_INFO_PREFIX = "";
			};
			name = Debug;
		};
		79A76B951B0CD81200FF7EF6 /* Release */ = {
			isa = XCBuildConfiguration;
			buildSettings = {
				APPLICATION_EXTENSION_API_ONLY = YES;
				CLANG_ENABLE_MODULES = YES;
				CLANG_WARN_BOOL_CONVERSION = YES;
				CLANG_WARN_DIRECT_OBJC_ISA_USAGE = YES_ERROR;
				CLANG_WARN_OBJC_ROOT_CLASS = YES_ERROR;
				CLANG_WARN_UNREACHABLE_CODE = YES;
				"CODE_SIGN_IDENTITY[sdk=iphoneos*]" = "";
				COPY_PHASE_STRIP = NO;
				CURRENT_PROJECT_VERSION = 1;
				DEBUG_INFORMATION_FORMAT = "dwarf-with-dsym";
				DEFINES_MODULE = NO;
				DYLIB_COMPATIBILITY_VERSION = 1;
				DYLIB_CURRENT_VERSION = 1;
				DYLIB_INSTALL_NAME_BASE = "@rpath";
				ENABLE_NS_ASSERTIONS = NO;
				ENABLE_STRICT_OBJC_MSGSEND = YES;
				GCC_NO_COMMON_BLOCKS = YES;
				GCC_WARN_64_TO_32_BIT_CONVERSION = YES;
				GCC_WARN_ABOUT_RETURN_TYPE = YES_ERROR;
				GCC_WARN_UNDECLARED_SELECTOR = YES;
				GCC_WARN_UNINITIALIZED_AUTOS = YES_AGGRESSIVE;
				GCC_WARN_UNUSED_FUNCTION = YES;
				HEADER_SEARCH_PATHS = (
					"$(inherited)",
					/Applications/Xcode.app/Contents/Developer/Toolchains/XcodeDefault.xctoolchain/usr/include,
					/usr/include/libxml2,
				);
				INFOPLIST_FILE = KissXML/Info.plist;
				INSTALL_PATH = "$(LOCAL_LIBRARY_DIR)/Frameworks";
				IPHONEOS_DEPLOYMENT_TARGET = 8.3;
				LD_RUNPATH_SEARCH_PATHS = "$(inherited) @executable_path/Frameworks @loader_path/Frameworks";
				MTL_ENABLE_DEBUG_INFO = NO;
				PRODUCT_BUNDLE_IDENTIFIER = "com.soulmen.$(PRODUCT_NAME:rfc1034identifier)";
				PRODUCT_NAME = "$(TARGET_NAME)";
				SKIP_INSTALL = YES;
				TARGETED_DEVICE_FAMILY = "1,2";
				VERSIONING_SYSTEM = "apple-generic";
				VERSION_INFO_PREFIX = "";
			};
			name = Release;
		};
/* End XCBuildConfiguration section */

/* Begin XCConfigurationList section */
		40E53ECE1729F68F001664EC /* Build configuration list for PBXProject "KissXML" */ = {
			isa = XCConfigurationList;
			buildConfigurations = (
				40E53EF61729F68F001664EC /* Debug */,
				40E53EF71729F68F001664EC /* Release */,
			);
			defaultConfigurationIsVisible = 0;
			defaultConfigurationName = Release;
		};
		79A76B931B0CD81200FF7EF6 /* Build configuration list for PBXNativeTarget "KissXML" */ = {
			isa = XCConfigurationList;
			buildConfigurations = (
				79A76B941B0CD81200FF7EF6 /* Debug */,
				79A76B951B0CD81200FF7EF6 /* Release */,
			);
			defaultConfigurationIsVisible = 0;
			defaultConfigurationName = Release;
		};
/* End XCConfigurationList section */
	};
	rootObject = 40E53ECB1729F68F001664EC /* Project object */;
}
